
Microsoft Visual Studio Solution File, Format Version 12.00
# Visual Studio 15
VisualStudioVersion = 15.0.28307.421
MinimumVisualStudioVersion = 10.0.40219.1
Project("{FAE04EC0-301F-11D3-BF4B-00C04F79EFBC}") = "DeckOfCards.API.Tests", "DeckOfCards.API.Tests\DeckOfCards.API.Tests.csproj", "{78135341-E737-4018-928D-90DEF11B9215}"
EndProject
Global
	GlobalSection(SolutionConfigurationPlatforms) = preSolution
		Debug|Any CPU = Debug|Any CPU
		Release|Any CPU = Release|Any CPU
	EndGlobalSection
	GlobalSection(ProjectConfigurationPlatforms) = postSolution
		{78135341-E737-4018-928D-90DEF11B9215}.Debug|Any CPU.ActiveCfg = Debug|Any CPU
		{78135341-E737-4018-928D-90DEF11B9215}.Debug|Any CPU.Build.0 = Debug|Any CPU
		{78135341-E737-4018-928D-90DEF11B9215}.Release|Any CPU.ActiveCfg = Release|Any CPU
		{78135341-E737-4018-928D-90DEF11B9215}.Release|Any CPU.Build.0 = Release|Any CPU
	EndGlobalSection
	GlobalSection(SolutionProperties) = preSolution
		HideSolutionNode = FALSE
	EndGlobalSection
	GlobalSection(ExtensibilityGlobals) = postSolution
		SolutionGuid = {80E9243C-9A43-4E51-89B1-27C9A4687183}
	EndGlobalSection
EndGlobal
